// !$*UTF8*$!
{
	archiveVersion = 1;
	classes = {
	};
	objectVersion = 50;
	objects = {

/* Begin PBXBuildFile section */
		B401CC5C249B37A800F5435B /* SKCancelChevron.swift in Sources */ = {isa = PBXBuildFile; fileRef = B401CC5B249B37A800F5435B /* SKCancelChevron.swift */; };
		B401CC5E249B40A300F5435B /* SKLoadingSlidingCircles.swift in Sources */ = {isa = PBXBuildFile; fileRef = B401CC5D249B40A300F5435B /* SKLoadingSlidingCircles.swift */; };
		B40DC71C22B6DD970013C1C4 /* UITextView.swift in Sources */ = {isa = PBXBuildFile; fileRef = B40DC71B22B6DD970013C1C4 /* UITextView.swift */; };
		B40DC71E22B6EB4C0013C1C4 /* SKVerticallyAlignableLabel.swift in Sources */ = {isa = PBXBuildFile; fileRef = B40DC71D22B6EB4C0013C1C4 /* SKVerticallyAlignableLabel.swift */; };
		B419D436249ECBE8009A38BC /* SKLoadingView.swift in Sources */ = {isa = PBXBuildFile; fileRef = B419D435249ECBE8009A38BC /* SKLoadingView.swift */; };
		B419D438249ECD3E009A38BC /* SKSwitchView.swift in Sources */ = {isa = PBXBuildFile; fileRef = B419D437249ECD3E009A38BC /* SKSwitchView.swift */; };
		B442942B2485BA2A000A3AA1 /* SKBadgeCounter.swift in Sources */ = {isa = PBXBuildFile; fileRef = B442942A2485BA2A000A3AA1 /* SKBadgeCounter.swift */; };
		B4439A862263CDCA00630663 /* SeanKit.h in Headers */ = {isa = PBXBuildFile; fileRef = B4439A842263CDCA00630663 /* SeanKit.h */; settings = {ATTRIBUTES = (Public, ); }; };
		B4439A8D2263D2AD00630663 /* UIView.swift in Sources */ = {isa = PBXBuildFile; fileRef = B4439A8C2263D2AD00630663 /* UIView.swift */; };
		B4439A992263D6F900630663 /* UIImage.swift in Sources */ = {isa = PBXBuildFile; fileRef = B4439A982263D6F900630663 /* UIImage.swift */; };
		B4439A9F2263D85100630663 /* UILabel.swift in Sources */ = {isa = PBXBuildFile; fileRef = B4439A9E2263D85100630663 /* UILabel.swift */; };
		B4439AA62263DA7700630663 /* SKAppHelper.swift in Sources */ = {isa = PBXBuildFile; fileRef = B4439AA52263DA7700630663 /* SKAppHelper.swift */; };
		B4439AAB2263E0B100630663 /* topController.swift in Sources */ = {isa = PBXBuildFile; fileRef = B4439AAA2263E0B100630663 /* topController.swift */; };
		B4439AB52263E39A00630663 /* Array.swift in Sources */ = {isa = PBXBuildFile; fileRef = B4439AB42263E39A00630663 /* Array.swift */; };
		B4439AB72263E48E00630663 /* SKBasicScrollingViewController.swift in Sources */ = {isa = PBXBuildFile; fileRef = B4439AB62263E48E00630663 /* SKBasicScrollingViewController.swift */; };
		B4439AB92263E61E00630663 /* SKQRGenerator.swift in Sources */ = {isa = PBXBuildFile; fileRef = B4439AB82263E61E00630663 /* SKQRGenerator.swift */; };
		B4439ABB2263E6A100630663 /* String.swift in Sources */ = {isa = PBXBuildFile; fileRef = B4439ABA2263E6A100630663 /* String.swift */; };
		B4439ABE2263E91200630663 /* SKEasterEgg.swift in Sources */ = {isa = PBXBuildFile; fileRef = B4439ABD2263E91200630663 /* SKEasterEgg.swift */; };
		B4439ACC2263ED8300630663 /* dynamicActionSheet.swift in Sources */ = {isa = PBXBuildFile; fileRef = B4439AA72263DFE800630663 /* dynamicActionSheet.swift */; };
		B4439AF62263F4F000630663 /* presentDisclaimer.swift in Sources */ = {isa = PBXBuildFile; fileRef = B4439AF52263F4F000630663 /* presentDisclaimer.swift */; };
		B4439B3D2264166600630663 /* UIImageView.swift in Sources */ = {isa = PBXBuildFile; fileRef = B4439B3C2264166600630663 /* UIImageView.swift */; };
		B449627E2286A0F700845574 /* UITableView.swift in Sources */ = {isa = PBXBuildFile; fileRef = B449627D2286A0F700845574 /* UITableView.swift */; };
		B451991722C6DAD700EA3353 /* UITabBarController.swift in Sources */ = {isa = PBXBuildFile; fileRef = B451991622C6DAD700EA3353 /* UITabBarController.swift */; };
		B451B0E12471A30200980571 /* SKFontManager.swift in Sources */ = {isa = PBXBuildFile; fileRef = B451B0E02471A30200980571 /* SKFontManager.swift */; };
		B4538A112266CD0700B14142 /* SKVibrate.swift in Sources */ = {isa = PBXBuildFile; fileRef = B4439AB22263E23500630663 /* SKVibrate.swift */; };
		B4560D5F2471AF69002824EC /* SKMailView.swift in Sources */ = {isa = PBXBuildFile; fileRef = B4560D5E2471AF69002824EC /* SKMailView.swift */; };
		B4560D6B2471DA5B002824EC /* SKReducedCircle.swift in Sources */ = {isa = PBXBuildFile; fileRef = B4560D6A2471DA5B002824EC /* SKReducedCircle.swift */; };
		B4727EB1227625FC00743241 /* seanonthebeach.jpeg in Resources */ = {isa = PBXBuildFile; fileRef = B4727EB0227625FC00743241 /* seanonthebeach.jpeg */; };
		B4727EB32276260900743241 /* ring.wav in Resources */ = {isa = PBXBuildFile; fileRef = B4727EB22276260900743241 /* ring.wav */; };
		B47BEF8222659E260075CEE3 /* SKDownload.swift in Sources */ = {isa = PBXBuildFile; fileRef = B47BEF8122659E260075CEE3 /* SKDownload.swift */; };
		B49C96292297235100A08B69 /* SKManipulate.swift in Sources */ = {isa = PBXBuildFile; fileRef = B49C96282297235100A08B69 /* SKManipulate.swift */; };
		B4A2C1E8249C473500BBFB6D /* SKActivityView.swift in Sources */ = {isa = PBXBuildFile; fileRef = B4A2C1E7249C473500BBFB6D /* SKActivityView.swift */; };
		B4A37CA122A63F6700972488 /* UIAlertController.swift in Sources */ = {isa = PBXBuildFile; fileRef = B4A37CA022A63F6700972488 /* UIAlertController.swift */; };
		B4A37CA322A6441200972488 /* UIViewController.swift in Sources */ = {isa = PBXBuildFile; fileRef = B4A37CA222A6441200972488 /* UIViewController.swift */; };
		B4AA859222D4AE7300BA4B28 /* UIStackView.swift in Sources */ = {isa = PBXBuildFile; fileRef = B4AA859122D4AE7300BA4B28 /* UIStackView.swift */; };
		B4AF9EB924839B2D004EB2AE /* ButtonMods.swift in Sources */ = {isa = PBXBuildFile; fileRef = B4AF9EB824839B2D004EB2AE /* ButtonMods.swift */; };
		B4B3A7CF248F423D00CBAF04 /* SKAlertItem_SKActionSheetItem.swift in Sources */ = {isa = PBXBuildFile; fileRef = B4B3A7CE248F423D00CBAF04 /* SKAlertItem_SKActionSheetItem.swift */; };
		B4B3A7D3248F6CE800CBAF04 /* SKImagePickerView.swift in Sources */ = {isa = PBXBuildFile; fileRef = B4B3A7D2248F6CE800CBAF04 /* SKImagePickerView.swift */; };
		B4B4B28324810F980028C72C /* SKQRScannerVC.swift in Sources */ = {isa = PBXBuildFile; fileRef = B4B4B28224810F980028C72C /* SKQRScannerVC.swift */; };
		B4B4B286248114520028C72C /* SKQRScannerView.swift in Sources */ = {isa = PBXBuildFile; fileRef = B4B4B285248114520028C72C /* SKQRScannerView.swift */; };
		B4B4F0DB249406D300B65F5F /* CGFloat.swift in Sources */ = {isa = PBXBuildFile; fileRef = B4B4F0DA249406D300B65F5F /* CGFloat.swift */; };
		B4B76043226A93AB00A489FC /* URL.swift in Sources */ = {isa = PBXBuildFile; fileRef = B4B76042226A93AB00A489FC /* URL.swift */; };
		B4BB00BD22A5F8BE00F607DE /* DispatchGroup.swift in Sources */ = {isa = PBXBuildFile; fileRef = B4BB00BC22A5F8BE00F607DE /* DispatchGroup.swift */; };
		B4BEF1BD247856A100943652 /* SKDevice_SKScreen.swift in Sources */ = {isa = PBXBuildFile; fileRef = B4BEF1BC247856A100943652 /* SKDevice_SKScreen.swift */; };
		B4BEF1BF2478A7A900943652 /* Skit.swift in Sources */ = {isa = PBXBuildFile; fileRef = B4BEF1BE2478A7A900943652 /* Skit.swift */; };
		B4C91BC82280E78A00618A33 /* UIScrollView.swift in Sources */ = {isa = PBXBuildFile; fileRef = B4C91BC72280E78A00618A33 /* UIScrollView.swift */; };
		B4CAE8D8249EF922005E1BEC /* SKVisible.swift in Sources */ = {isa = PBXBuildFile; fileRef = B4CAE8D7249EF922005E1BEC /* SKVisible.swift */; };
		B4CFB7CD2487921200198172 /* SKQRImage.swift in Sources */ = {isa = PBXBuildFile; fileRef = B4CFB7CC2487921200198172 /* SKQRImage.swift */; };
		B4EFAA9D22B888AF00450722 /* UITextField.swift in Sources */ = {isa = PBXBuildFile; fileRef = B4EFAA9C22B888AF00450722 /* UITextField.swift */; };
		B4FE84B8248B623F00AAD1BD /* SKScrollControlProxy.swift in Sources */ = {isa = PBXBuildFile; fileRef = B4FE84B7248B623F00AAD1BD /* SKScrollControlProxy.swift */; };
/* End PBXBuildFile section */

/* Begin PBXFileReference section */
		B401CC5B249B37A800F5435B /* SKCancelChevron.swift */ = {isa = PBXFileReference; lastKnownFileType = sourcecode.swift; path = SKCancelChevron.swift; sourceTree = "<group>"; };
		B401CC5D249B40A300F5435B /* SKLoadingSlidingCircles.swift */ = {isa = PBXFileReference; lastKnownFileType = sourcecode.swift; path = SKLoadingSlidingCircles.swift; sourceTree = "<group>"; };
		B40DC71B22B6DD970013C1C4 /* UITextView.swift */ = {isa = PBXFileReference; lastKnownFileType = sourcecode.swift; path = UITextView.swift; sourceTree = "<group>"; };
		B40DC71D22B6EB4C0013C1C4 /* SKVerticallyAlignableLabel.swift */ = {isa = PBXFileReference; lastKnownFileType = sourcecode.swift; path = SKVerticallyAlignableLabel.swift; sourceTree = "<group>"; };
		B419D435249ECBE8009A38BC /* SKLoadingView.swift */ = {isa = PBXFileReference; lastKnownFileType = sourcecode.swift; path = SKLoadingView.swift; sourceTree = "<group>"; };
		B419D437249ECD3E009A38BC /* SKSwitchView.swift */ = {isa = PBXFileReference; lastKnownFileType = sourcecode.swift; path = SKSwitchView.swift; sourceTree = "<group>"; };
		B442942A2485BA2A000A3AA1 /* SKBadgeCounter.swift */ = {isa = PBXFileReference; lastKnownFileType = sourcecode.swift; path = SKBadgeCounter.swift; sourceTree = "<group>"; };
		B4439A812263CDCA00630663 /* SeanKit.framework */ = {isa = PBXFileReference; explicitFileType = wrapper.framework; includeInIndex = 0; path = SeanKit.framework; sourceTree = BUILT_PRODUCTS_DIR; };
		B4439A842263CDCA00630663 /* SeanKit.h */ = {isa = PBXFileReference; lastKnownFileType = sourcecode.c.h; path = SeanKit.h; sourceTree = "<group>"; };
		B4439A852263CDCA00630663 /* Info.plist */ = {isa = PBXFileReference; lastKnownFileType = text.plist.xml; path = Info.plist; sourceTree = "<group>"; };
		B4439A8C2263D2AD00630663 /* UIView.swift */ = {isa = PBXFileReference; lastKnownFileType = sourcecode.swift; path = UIView.swift; sourceTree = "<group>"; };
		B4439A982263D6F900630663 /* UIImage.swift */ = {isa = PBXFileReference; lastKnownFileType = sourcecode.swift; path = UIImage.swift; sourceTree = "<group>"; };
		B4439A9E2263D85100630663 /* UILabel.swift */ = {isa = PBXFileReference; lastKnownFileType = sourcecode.swift; path = UILabel.swift; sourceTree = "<group>"; };
		B4439AA52263DA7700630663 /* SKAppHelper.swift */ = {isa = PBXFileReference; lastKnownFileType = sourcecode.swift; path = SKAppHelper.swift; sourceTree = "<group>"; };
		B4439AA72263DFE800630663 /* dynamicActionSheet.swift */ = {isa = PBXFileReference; lastKnownFileType = sourcecode.swift; path = dynamicActionSheet.swift; sourceTree = "<group>"; };
		B4439AAA2263E0B100630663 /* topController.swift */ = {isa = PBXFileReference; lastKnownFileType = sourcecode.swift; path = topController.swift; sourceTree = "<group>"; };
		B4439AB22263E23500630663 /* SKVibrate.swift */ = {isa = PBXFileReference; lastKnownFileType = sourcecode.swift; path = SKVibrate.swift; sourceTree = "<group>"; };
		B4439AB42263E39A00630663 /* Array.swift */ = {isa = PBXFileReference; lastKnownFileType = sourcecode.swift; path = Array.swift; sourceTree = "<group>"; };
		B4439AB62263E48E00630663 /* SKBasicScrollingViewController.swift */ = {isa = PBXFileReference; lastKnownFileType = sourcecode.swift; path = SKBasicScrollingViewController.swift; sourceTree = "<group>"; };
		B4439AB82263E61E00630663 /* SKQRGenerator.swift */ = {isa = PBXFileReference; lastKnownFileType = sourcecode.swift; path = SKQRGenerator.swift; sourceTree = "<group>"; };
		B4439ABA2263E6A100630663 /* String.swift */ = {isa = PBXFileReference; lastKnownFileType = sourcecode.swift; path = String.swift; sourceTree = "<group>"; };
		B4439ABD2263E91200630663 /* SKEasterEgg.swift */ = {isa = PBXFileReference; lastKnownFileType = sourcecode.swift; path = SKEasterEgg.swift; sourceTree = "<group>"; };
		B4439AF52263F4F000630663 /* presentDisclaimer.swift */ = {isa = PBXFileReference; lastKnownFileType = sourcecode.swift; path = presentDisclaimer.swift; sourceTree = "<group>"; };
		B4439B3C2264166600630663 /* UIImageView.swift */ = {isa = PBXFileReference; lastKnownFileType = sourcecode.swift; path = UIImageView.swift; sourceTree = "<group>"; };
		B449627D2286A0F700845574 /* UITableView.swift */ = {isa = PBXFileReference; lastKnownFileType = sourcecode.swift; path = UITableView.swift; sourceTree = "<group>"; };
		B451991622C6DAD700EA3353 /* UITabBarController.swift */ = {isa = PBXFileReference; lastKnownFileType = sourcecode.swift; path = UITabBarController.swift; sourceTree = "<group>"; };
		B451B0E02471A30200980571 /* SKFontManager.swift */ = {isa = PBXFileReference; fileEncoding = 4; lastKnownFileType = sourcecode.swift; path = SKFontManager.swift; sourceTree = "<group>"; };
		B4560D5E2471AF69002824EC /* SKMailView.swift */ = {isa = PBXFileReference; fileEncoding = 4; lastKnownFileType = sourcecode.swift; path = SKMailView.swift; sourceTree = "<group>"; };
		B4560D6A2471DA5B002824EC /* SKReducedCircle.swift */ = {isa = PBXFileReference; lastKnownFileType = sourcecode.swift; path = SKReducedCircle.swift; sourceTree = "<group>"; };
		B4727EB0227625FC00743241 /* seanonthebeach.jpeg */ = {isa = PBXFileReference; lastKnownFileType = image.jpeg; path = seanonthebeach.jpeg; sourceTree = "<group>"; };
		B4727EB22276260900743241 /* ring.wav */ = {isa = PBXFileReference; lastKnownFileType = audio.wav; path = ring.wav; sourceTree = "<group>"; };
		B47BEF8122659E260075CEE3 /* SKDownload.swift */ = {isa = PBXFileReference; lastKnownFileType = sourcecode.swift; path = SKDownload.swift; sourceTree = "<group>"; };
		B49C96282297235100A08B69 /* SKManipulate.swift */ = {isa = PBXFileReference; lastKnownFileType = sourcecode.swift; path = SKManipulate.swift; sourceTree = "<group>"; };
		B4A2C1E7249C473500BBFB6D /* SKActivityView.swift */ = {isa = PBXFileReference; lastKnownFileType = sourcecode.swift; path = SKActivityView.swift; sourceTree = "<group>"; };
		B4A37CA022A63F6700972488 /* UIAlertController.swift */ = {isa = PBXFileReference; lastKnownFileType = sourcecode.swift; path = UIAlertController.swift; sourceTree = "<group>"; };
		B4A37CA222A6441200972488 /* UIViewController.swift */ = {isa = PBXFileReference; lastKnownFileType = sourcecode.swift; path = UIViewController.swift; sourceTree = "<group>"; };
		B4AA859122D4AE7300BA4B28 /* UIStackView.swift */ = {isa = PBXFileReference; fileEncoding = 4; lastKnownFileType = sourcecode.swift; path = UIStackView.swift; sourceTree = "<group>"; };
		B4AF9EB824839B2D004EB2AE /* ButtonMods.swift */ = {isa = PBXFileReference; fileEncoding = 4; lastKnownFileType = sourcecode.swift; path = ButtonMods.swift; sourceTree = "<group>"; };
		B4B3A7CE248F423D00CBAF04 /* SKAlertItem_SKActionSheetItem.swift */ = {isa = PBXFileReference; lastKnownFileType = sourcecode.swift; path = SKAlertItem_SKActionSheetItem.swift; sourceTree = "<group>"; };
		B4B3A7D2248F6CE800CBAF04 /* SKImagePickerView.swift */ = {isa = PBXFileReference; lastKnownFileType = sourcecode.swift; path = SKImagePickerView.swift; sourceTree = "<group>"; };
		B4B4B28224810F980028C72C /* SKQRScannerVC.swift */ = {isa = PBXFileReference; fileEncoding = 4; lastKnownFileType = sourcecode.swift; path = SKQRScannerVC.swift; sourceTree = "<group>"; };
		B4B4B285248114520028C72C /* SKQRScannerView.swift */ = {isa = PBXFileReference; lastKnownFileType = sourcecode.swift; path = SKQRScannerView.swift; sourceTree = "<group>"; };
		B4B4F0DA249406D300B65F5F /* CGFloat.swift */ = {isa = PBXFileReference; fileEncoding = 4; lastKnownFileType = sourcecode.swift; path = CGFloat.swift; sourceTree = "<group>"; };
		B4B76042226A93AB00A489FC /* URL.swift */ = {isa = PBXFileReference; lastKnownFileType = sourcecode.swift; path = URL.swift; sourceTree = "<group>"; };
		B4BB00BC22A5F8BE00F607DE /* DispatchGroup.swift */ = {isa = PBXFileReference; lastKnownFileType = sourcecode.swift; path = DispatchGroup.swift; sourceTree = "<group>"; };
		B4BEF1BC247856A100943652 /* SKDevice_SKScreen.swift */ = {isa = PBXFileReference; lastKnownFileType = sourcecode.swift; path = SKDevice_SKScreen.swift; sourceTree = "<group>"; };
		B4BEF1BE2478A7A900943652 /* Skit.swift */ = {isa = PBXFileReference; lastKnownFileType = sourcecode.swift; path = Skit.swift; sourceTree = "<group>"; };
		B4C91BC72280E78A00618A33 /* UIScrollView.swift */ = {isa = PBXFileReference; lastKnownFileType = sourcecode.swift; path = UIScrollView.swift; sourceTree = "<group>"; };
		B4CAE8D7249EF922005E1BEC /* SKVisible.swift */ = {isa = PBXFileReference; lastKnownFileType = sourcecode.swift; path = SKVisible.swift; sourceTree = "<group>"; };
		B4CFB7CC2487921200198172 /* SKQRImage.swift */ = {isa = PBXFileReference; lastKnownFileType = sourcecode.swift; path = SKQRImage.swift; sourceTree = "<group>"; };
		B4EFAA9C22B888AF00450722 /* UITextField.swift */ = {isa = PBXFileReference; lastKnownFileType = sourcecode.swift; path = UITextField.swift; sourceTree = "<group>"; };
		B4FE84B7248B623F00AAD1BD /* SKScrollControlProxy.swift */ = {isa = PBXFileReference; lastKnownFileType = sourcecode.swift; path = SKScrollControlProxy.swift; sourceTree = "<group>"; };
/* End PBXFileReference section */

/* Begin PBXFrameworksBuildPhase section */
		B4439A7E2263CDCA00630663 /* Frameworks */ = {
			isa = PBXFrameworksBuildPhase;
			buildActionMask = 2147483647;
			files = (
			);
			runOnlyForDeploymentPostprocessing = 0;
		};
/* End PBXFrameworksBuildPhase section */

/* Begin PBXGroup section */
		B42DE7EF2478396C00A3887F /* Other */ = {
			isa = PBXGroup;
			children = (
				B4439AF52263F4F000630663 /* presentDisclaimer.swift */,
				B4439AA72263DFE800630663 /* dynamicActionSheet.swift */,
				B4439AAA2263E0B100630663 /* topController.swift */,
			);
			path = Other;
			sourceTree = "<group>";
		};
		B4439A772263CDCA00630663 = {
			isa = PBXGroup;
			children = (
				B4439A832263CDCA00630663 /* SeanKit */,
				B4439A822263CDCA00630663 /* Products */,
			);
			sourceTree = "<group>";
		};
		B4439A822263CDCA00630663 /* Products */ = {
			isa = PBXGroup;
			children = (
				B4439A812263CDCA00630663 /* SeanKit.framework */,
			);
			name = Products;
			sourceTree = "<group>";
		};
		B4439A832263CDCA00630663 /* SeanKit */ = {
			isa = PBXGroup;
			children = (
				B48CF259226CEAB900C3282C /* Singletons */,
				B447802B24759709003CCB41 /* Extensions */,
				B447802D24759748003CCB41 /* SwiftUI */,
				B447802C2475973D003CCB41 /* UIKit */,
				B4560D5A2471A945002824EC /* Other FIles */,
				B4439A842263CDCA00630663 /* SeanKit.h */,
				B4439A852263CDCA00630663 /* Info.plist */,
			);
			path = SeanKit;
			sourceTree = "<group>";
		};
		B4439A8E2263D2B000630663 /* Extensions */ = {
			isa = PBXGroup;
			children = (
				B4439A8C2263D2AD00630663 /* UIView.swift */,
				B4C91BC72280E78A00618A33 /* UIScrollView.swift */,
				B4439B3C2264166600630663 /* UIImageView.swift */,
				B4439A982263D6F900630663 /* UIImage.swift */,
				B4439A9E2263D85100630663 /* UILabel.swift */,
				B449627D2286A0F700845574 /* UITableView.swift */,
				B4A37CA022A63F6700972488 /* UIAlertController.swift */,
				B4A37CA222A6441200972488 /* UIViewController.swift */,
				B40DC71B22B6DD970013C1C4 /* UITextView.swift */,
				B4EFAA9C22B888AF00450722 /* UITextField.swift */,
				B451991622C6DAD700EA3353 /* UITabBarController.swift */,
				B4AA859122D4AE7300BA4B28 /* UIStackView.swift */,
			);
			path = Extensions;
			sourceTree = "<group>";
		};
		B4439AA92263E07900630663 /* Custom_Classes */ = {
			isa = PBXGroup;
			children = (
				B4439AB62263E48E00630663 /* SKBasicScrollingViewController.swift */,
				B4B4B28224810F980028C72C /* SKQRScannerVC.swift */,
				B40DC71D22B6EB4C0013C1C4 /* SKVerticallyAlignableLabel.swift */,
			);
			path = Custom_Classes;
			sourceTree = "<group>";
		};
		B447802B24759709003CCB41 /* Extensions */ = {
			isa = PBXGroup;
			children = (
				B4B4F0DA249406D300B65F5F /* CGFloat.swift */,
				B4BB00BC22A5F8BE00F607DE /* DispatchGroup.swift */,
				B4439AB42263E39A00630663 /* Array.swift */,
				B4439ABA2263E6A100630663 /* String.swift */,
				B4B76042226A93AB00A489FC /* URL.swift */,
			);
			path = Extensions;
			sourceTree = "<group>";
		};
		B447802C2475973D003CCB41 /* UIKit */ = {
			isa = PBXGroup;
			children = (
				B42DE7EF2478396C00A3887F /* Other */,
				B4439AA92263E07900630663 /* Custom_Classes */,
				B4439A8E2263D2B000630663 /* Extensions */,
			);
			path = UIKit;
			sourceTree = "<group>";
		};
		B447802D24759748003CCB41 /* SwiftUI */ = {
			isa = PBXGroup;
			children = (
				B4AF9EB724839B1C004EB2AE /* ViewModifiers */,
				B4560D692471DA41002824EC /* Shapes */,
				B447802E247599BF003CCB41 /* Views */,
				B4B3A7CE248F423D00CBAF04 /* SKAlertItem_SKActionSheetItem.swift */,
			);
			path = SwiftUI;
			sourceTree = "<group>";
		};
		B447802E247599BF003CCB41 /* Views */ = {
			isa = PBXGroup;
			children = (
				B4560D5E2471AF69002824EC /* SKMailView.swift */,
				B4A2C1E7249C473500BBFB6D /* SKActivityView.swift */,
				B401CC5D249B40A300F5435B /* SKLoadingSlidingCircles.swift */,
				B401CC5B249B37A800F5435B /* SKCancelChevron.swift */,
				B4B4B285248114520028C72C /* SKQRScannerView.swift */,
				B4CFB7CC2487921200198172 /* SKQRImage.swift */,
				B4FE84B7248B623F00AAD1BD /* SKScrollControlProxy.swift */,
				B442942A2485BA2A000A3AA1 /* SKBadgeCounter.swift */,
				B4B3A7D2248F6CE800CBAF04 /* SKImagePickerView.swift */,
				B419D435249ECBE8009A38BC /* SKLoadingView.swift */,
				B419D437249ECD3E009A38BC /* SKSwitchView.swift */,
			);
			path = Views;
			sourceTree = "<group>";
		};
		B4560D5A2471A945002824EC /* Other FIles */ = {
			isa = PBXGroup;
			children = (
				B4727EB0227625FC00743241 /* seanonthebeach.jpeg */,
				B4727EB22276260900743241 /* ring.wav */,
			);
			path = "Other FIles";
			sourceTree = "<group>";
		};
		B4560D692471DA41002824EC /* Shapes */ = {
			isa = PBXGroup;
			children = (
				B4560D6A2471DA5B002824EC /* SKReducedCircle.swift */,
			);
			path = Shapes;
			sourceTree = "<group>";
		};
		B48CF259226CEAB900C3282C /* Singletons */ = {
			isa = PBXGroup;
			children = (
				B4BEF1BE2478A7A900943652 /* Skit.swift */,
				B451B0E02471A30200980571 /* SKFontManager.swift */,
				B4439AB22263E23500630663 /* SKVibrate.swift */,
				B4439AB82263E61E00630663 /* SKQRGenerator.swift */,
				B4439ABD2263E91200630663 /* SKEasterEgg.swift */,
				B47BEF8122659E260075CEE3 /* SKDownload.swift */,
				B4439AA52263DA7700630663 /* SKAppHelper.swift */,
				B49C96282297235100A08B69 /* SKManipulate.swift */,
				B4BEF1BC247856A100943652 /* SKDevice_SKScreen.swift */,
			);
			path = Singletons;
			sourceTree = "<group>";
		};
		B4AF9EB724839B1C004EB2AE /* ViewModifiers */ = {
			isa = PBXGroup;
			children = (
				B4AF9EB824839B2D004EB2AE /* ButtonMods.swift */,
				B4CAE8D7249EF922005E1BEC /* SKVisible.swift */,
			);
			path = ViewModifiers;
			sourceTree = "<group>";
		};
/* End PBXGroup section */

/* Begin PBXHeadersBuildPhase section */
		B4439A7C2263CDCA00630663 /* Headers */ = {
			isa = PBXHeadersBuildPhase;
			buildActionMask = 2147483647;
			files = (
				B4439A862263CDCA00630663 /* SeanKit.h in Headers */,
			);
			runOnlyForDeploymentPostprocessing = 0;
		};
/* End PBXHeadersBuildPhase section */

/* Begin PBXNativeTarget section */
		B4439A802263CDCA00630663 /* SeanKit */ = {
			isa = PBXNativeTarget;
			buildConfigurationList = B4439A892263CDCA00630663 /* Build configuration list for PBXNativeTarget "SeanKit" */;
			buildPhases = (
				B4439A7C2263CDCA00630663 /* Headers */,
				B4439A7D2263CDCA00630663 /* Sources */,
				B4439A7E2263CDCA00630663 /* Frameworks */,
				B4439A7F2263CDCA00630663 /* Resources */,
			);
			buildRules = (
			);
			dependencies = (
			);
			name = SeanKit;
			productName = SeanKit;
			productReference = B4439A812263CDCA00630663 /* SeanKit.framework */;
			productType = "com.apple.product-type.framework";
		};
/* End PBXNativeTarget section */

/* Begin PBXProject section */
		B4439A782263CDCA00630663 /* Project object */ = {
			isa = PBXProject;
			attributes = {
				LastUpgradeCheck = 1020;
				ORGANIZATIONNAME = "86 Houses LLC";
				TargetAttributes = {
					B4439A802263CDCA00630663 = {
						CreatedOnToolsVersion = 10.2;
						LastSwiftMigration = 1020;
					};
				};
			};
			buildConfigurationList = B4439A7B2263CDCA00630663 /* Build configuration list for PBXProject "SeanKit" */;
			compatibilityVersion = "Xcode 9.3";
			developmentRegion = en;
			hasScannedForEncodings = 0;
			knownRegions = (
				en,
				Base,
			);
			mainGroup = B4439A772263CDCA00630663;
			productRefGroup = B4439A822263CDCA00630663 /* Products */;
			projectDirPath = "";
			projectRoot = "";
			targets = (
				B4439A802263CDCA00630663 /* SeanKit */,
			);
		};
/* End PBXProject section */

/* Begin PBXResourcesBuildPhase section */
		B4439A7F2263CDCA00630663 /* Resources */ = {
			isa = PBXResourcesBuildPhase;
			buildActionMask = 2147483647;
			files = (
				B4727EB32276260900743241 /* ring.wav in Resources */,
				B4727EB1227625FC00743241 /* seanonthebeach.jpeg in Resources */,
			);
			runOnlyForDeploymentPostprocessing = 0;
		};
/* End PBXResourcesBuildPhase section */

/* Begin PBXSourcesBuildPhase section */
		B4439A7D2263CDCA00630663 /* Sources */ = {
			isa = PBXSourcesBuildPhase;
			buildActionMask = 2147483647;
			files = (
				B4439AA62263DA7700630663 /* SKAppHelper.swift in Sources */,
				B4439ABB2263E6A100630663 /* String.swift in Sources */,
				B4EFAA9D22B888AF00450722 /* UITextField.swift in Sources */,
				B4560D5F2471AF69002824EC /* SKMailView.swift in Sources */,
				B4BEF1BF2478A7A900943652 /* Skit.swift in Sources */,
				B401CC5C249B37A800F5435B /* SKCancelChevron.swift in Sources */,
				B4439AF62263F4F000630663 /* presentDisclaimer.swift in Sources */,
				B4439AB52263E39A00630663 /* Array.swift in Sources */,
				B4BEF1BD247856A100943652 /* SKDevice_SKScreen.swift in Sources */,
				B4439A8D2263D2AD00630663 /* UIView.swift in Sources */,
				B4AA859222D4AE7300BA4B28 /* UIStackView.swift in Sources */,
				B4560D6B2471DA5B002824EC /* SKReducedCircle.swift in Sources */,
				B4538A112266CD0700B14142 /* SKVibrate.swift in Sources */,
				B4C91BC82280E78A00618A33 /* UIScrollView.swift in Sources */,
				B419D438249ECD3E009A38BC /* SKSwitchView.swift in Sources */,
				B4B4B286248114520028C72C /* SKQRScannerView.swift in Sources */,
				B40DC71C22B6DD970013C1C4 /* UITextView.swift in Sources */,
				B4439A9F2263D85100630663 /* UILabel.swift in Sources */,
				B40DC71E22B6EB4C0013C1C4 /* SKVerticallyAlignableLabel.swift in Sources */,
				B4AF9EB924839B2D004EB2AE /* ButtonMods.swift in Sources */,
				B4439AB72263E48E00630663 /* SKBasicScrollingViewController.swift in Sources */,
				B4B3A7D3248F6CE800CBAF04 /* SKImagePickerView.swift in Sources */,
				B4A37CA122A63F6700972488 /* UIAlertController.swift in Sources */,
				B4A2C1E8249C473500BBFB6D /* SKActivityView.swift in Sources */,
				B4FE84B8248B623F00AAD1BD /* SKScrollControlProxy.swift in Sources */,
				B4BB00BD22A5F8BE00F607DE /* DispatchGroup.swift in Sources */,
				B49C96292297235100A08B69 /* SKManipulate.swift in Sources */,
				B4439B3D2264166600630663 /* UIImageView.swift in Sources */,
				B4439ABE2263E91200630663 /* SKEasterEgg.swift in Sources */,
				B4B4F0DB249406D300B65F5F /* CGFloat.swift in Sources */,
				B4A37CA322A6441200972488 /* UIViewController.swift in Sources */,
				B442942B2485BA2A000A3AA1 /* SKBadgeCounter.swift in Sources */,
				B4439AB92263E61E00630663 /* SKQRGenerator.swift in Sources */,
				B4439ACC2263ED8300630663 /* dynamicActionSheet.swift in Sources */,
				B4CFB7CD2487921200198172 /* SKQRImage.swift in Sources */,
				B451B0E12471A30200980571 /* SKFontManager.swift in Sources */,
				B401CC5E249B40A300F5435B /* SKLoadingSlidingCircles.swift in Sources */,
				B4B4B28324810F980028C72C /* SKQRScannerVC.swift in Sources */,
				B4B3A7CF248F423D00CBAF04 /* SKAlertItem_SKActionSheetItem.swift in Sources */,
				B451991722C6DAD700EA3353 /* UITabBarController.swift in Sources */,
				B4CAE8D8249EF922005E1BEC /* SKVisible.swift in Sources */,
				B4439A992263D6F900630663 /* UIImage.swift in Sources */,
				B419D436249ECBE8009A38BC /* SKLoadingView.swift in Sources */,
				B4439AAB2263E0B100630663 /* topController.swift in Sources */,
				B449627E2286A0F700845574 /* UITableView.swift in Sources */,
				B47BEF8222659E260075CEE3 /* SKDownload.swift in Sources */,
				B4B76043226A93AB00A489FC /* URL.swift in Sources */,
			);
			runOnlyForDeploymentPostprocessing = 0;
		};
/* End PBXSourcesBuildPhase section */

/* Begin XCBuildConfiguration section */
		B4439A872263CDCA00630663 /* Debug */ = {
			isa = XCBuildConfiguration;
			buildSettings = {
				ALWAYS_EMBED_SWIFT_STANDARD_LIBRARIES = "$(inherited)";
				ALWAYS_SEARCH_USER_PATHS = NO;
				CLANG_ANALYZER_NONNULL = YES;
				CLANG_ANALYZER_NUMBER_OBJECT_CONVERSION = YES_AGGRESSIVE;
				CLANG_CXX_LANGUAGE_STANDARD = "gnu++14";
				CLANG_CXX_LIBRARY = "libc++";
				CLANG_ENABLE_MODULES = YES;
				CLANG_ENABLE_OBJC_ARC = YES;
				CLANG_ENABLE_OBJC_WEAK = YES;
				CLANG_WARN_BLOCK_CAPTURE_AUTORELEASING = YES;
				CLANG_WARN_BOOL_CONVERSION = YES;
				CLANG_WARN_COMMA = YES;
				CLANG_WARN_CONSTANT_CONVERSION = YES;
				CLANG_WARN_DEPRECATED_OBJC_IMPLEMENTATIONS = YES;
				CLANG_WARN_DIRECT_OBJC_ISA_USAGE = YES_ERROR;
				CLANG_WARN_DOCUMENTATION_COMMENTS = YES;
				CLANG_WARN_EMPTY_BODY = YES;
				CLANG_WARN_ENUM_CONVERSION = YES;
				CLANG_WARN_INFINITE_RECURSION = YES;
				CLANG_WARN_INT_CONVERSION = YES;
				CLANG_WARN_NON_LITERAL_NULL_CONVERSION = YES;
				CLANG_WARN_OBJC_IMPLICIT_RETAIN_SELF = YES;
				CLANG_WARN_OBJC_LITERAL_CONVERSION = YES;
				CLANG_WARN_OBJC_ROOT_CLASS = YES_ERROR;
				CLANG_WARN_RANGE_LOOP_ANALYSIS = YES;
				CLANG_WARN_STRICT_PROTOTYPES = YES;
				CLANG_WARN_SUSPICIOUS_MOVE = YES;
				CLANG_WARN_UNGUARDED_AVAILABILITY = YES_AGGRESSIVE;
				CLANG_WARN_UNREACHABLE_CODE = YES;
				CLANG_WARN__DUPLICATE_METHOD_MATCH = YES;
				CODE_SIGN_IDENTITY = "iPhone Developer";
				COPY_PHASE_STRIP = NO;
				CURRENT_PROJECT_VERSION = 1;
				DEBUG_INFORMATION_FORMAT = dwarf;
				ENABLE_BITCODE = YES;
				ENABLE_STRICT_OBJC_MSGSEND = YES;
				ENABLE_TESTABILITY = YES;
				GCC_C_LANGUAGE_STANDARD = gnu11;
				GCC_DYNAMIC_NO_PIC = NO;
				GCC_NO_COMMON_BLOCKS = YES;
				GCC_OPTIMIZATION_LEVEL = 0;
				GCC_PREPROCESSOR_DEFINITIONS = (
					"DEBUG=1",
					"$(inherited)",
				);
				GCC_WARN_64_TO_32_BIT_CONVERSION = YES;
				GCC_WARN_ABOUT_RETURN_TYPE = YES_ERROR;
				GCC_WARN_UNDECLARED_SELECTOR = YES;
				GCC_WARN_UNINITIALIZED_AUTOS = YES_AGGRESSIVE;
				GCC_WARN_UNUSED_FUNCTION = YES;
				GCC_WARN_UNUSED_VARIABLE = YES;
				IPHONEOS_DEPLOYMENT_TARGET = 11.0;
				MTL_ENABLE_DEBUG_INFO = INCLUDE_SOURCE;
				MTL_FAST_MATH = YES;
				ONLY_ACTIVE_ARCH = YES;
				SDKROOT = iphoneos;
				SWIFT_ACTIVE_COMPILATION_CONDITIONS = DEBUG;
				SWIFT_OPTIMIZATION_LEVEL = "-Onone";
				VERSIONING_SYSTEM = "apple-generic";
				VERSION_INFO_PREFIX = "";
			};
			name = Debug;
		};
		B4439A882263CDCA00630663 /* Release */ = {
			isa = XCBuildConfiguration;
			buildSettings = {
				ALWAYS_EMBED_SWIFT_STANDARD_LIBRARIES = "$(inherited)";
				ALWAYS_SEARCH_USER_PATHS = NO;
				CLANG_ANALYZER_NONNULL = YES;
				CLANG_ANALYZER_NUMBER_OBJECT_CONVERSION = YES_AGGRESSIVE;
				CLANG_CXX_LANGUAGE_STANDARD = "gnu++14";
				CLANG_CXX_LIBRARY = "libc++";
				CLANG_ENABLE_MODULES = YES;
				CLANG_ENABLE_OBJC_ARC = YES;
				CLANG_ENABLE_OBJC_WEAK = YES;
				CLANG_WARN_BLOCK_CAPTURE_AUTORELEASING = YES;
				CLANG_WARN_BOOL_CONVERSION = YES;
				CLANG_WARN_COMMA = YES;
				CLANG_WARN_CONSTANT_CONVERSION = YES;
				CLANG_WARN_DEPRECATED_OBJC_IMPLEMENTATIONS = YES;
				CLANG_WARN_DIRECT_OBJC_ISA_USAGE = YES_ERROR;
				CLANG_WARN_DOCUMENTATION_COMMENTS = YES;
				CLANG_WARN_EMPTY_BODY = YES;
				CLANG_WARN_ENUM_CONVERSION = YES;
				CLANG_WARN_INFINITE_RECURSION = YES;
				CLANG_WARN_INT_CONVERSION = YES;
				CLANG_WARN_NON_LITERAL_NULL_CONVERSION = YES;
				CLANG_WARN_OBJC_IMPLICIT_RETAIN_SELF = YES;
				CLANG_WARN_OBJC_LITERAL_CONVERSION = YES;
				CLANG_WARN_OBJC_ROOT_CLASS = YES_ERROR;
				CLANG_WARN_RANGE_LOOP_ANALYSIS = YES;
				CLANG_WARN_STRICT_PROTOTYPES = YES;
				CLANG_WARN_SUSPICIOUS_MOVE = YES;
				CLANG_WARN_UNGUARDED_AVAILABILITY = YES_AGGRESSIVE;
				CLANG_WARN_UNREACHABLE_CODE = YES;
				CLANG_WARN__DUPLICATE_METHOD_MATCH = YES;
				CODE_SIGN_IDENTITY = "iPhone Developer";
				COPY_PHASE_STRIP = NO;
				CURRENT_PROJECT_VERSION = 1;
				DEBUG_INFORMATION_FORMAT = "dwarf-with-dsym";
				ENABLE_BITCODE = YES;
				ENABLE_NS_ASSERTIONS = NO;
				ENABLE_STRICT_OBJC_MSGSEND = YES;
				GCC_C_LANGUAGE_STANDARD = gnu11;
				GCC_NO_COMMON_BLOCKS = YES;
				GCC_WARN_64_TO_32_BIT_CONVERSION = YES;
				GCC_WARN_ABOUT_RETURN_TYPE = YES_ERROR;
				GCC_WARN_UNDECLARED_SELECTOR = YES;
				GCC_WARN_UNINITIALIZED_AUTOS = YES_AGGRESSIVE;
				GCC_WARN_UNUSED_FUNCTION = YES;
				GCC_WARN_UNUSED_VARIABLE = YES;
				IPHONEOS_DEPLOYMENT_TARGET = 11.0;
				MTL_ENABLE_DEBUG_INFO = NO;
				MTL_FAST_MATH = YES;
				SDKROOT = iphoneos;
				SWIFT_COMPILATION_MODE = wholemodule;
				SWIFT_OPTIMIZATION_LEVEL = "-O";
				VALIDATE_PRODUCT = YES;
				VERSIONING_SYSTEM = "apple-generic";
				VERSION_INFO_PREFIX = "";
			};
			name = Release;
		};
		B4439A8A2263CDCA00630663 /* Debug */ = {
			isa = XCBuildConfiguration;
			buildSettings = {
				CLANG_ENABLE_MODULES = YES;
				CODE_SIGN_IDENTITY = "";
				CODE_SIGN_STYLE = Automatic;
				DEFINES_MODULE = YES;
				DEVELOPMENT_TEAM = T6AVSS3QED;
				DYLIB_COMPATIBILITY_VERSION = 1;
				DYLIB_CURRENT_VERSION = 1;
				DYLIB_INSTALL_NAME_BASE = "@rpath";
				INFOPLIST_FILE = SeanKit/Info.plist;
				INSTALL_PATH = "$(LOCAL_LIBRARY_DIR)/Frameworks";
				IPHONEOS_DEPLOYMENT_TARGET = 11.0;
				LD_RUNPATH_SEARCH_PATHS = (
					"$(inherited)",
					"@executable_path/Frameworks",
					"@loader_path/Frameworks",
				);
				PRODUCT_BUNDLE_IDENTIFIER = com.86houses.SeanKit;
				PRODUCT_NAME = "$(TARGET_NAME:c99extidentifier)";
				SKIP_INSTALL = YES;
				SUPPORTS_MACCATALYST = YES;
				SWIFT_OPTIMIZATION_LEVEL = "-Onone";
				SWIFT_VERSION = 5.0;
				TARGETED_DEVICE_FAMILY = "1,2";
			};
			name = Debug;
		};
		B4439A8B2263CDCA00630663 /* Release */ = {
			isa = XCBuildConfiguration;
			buildSettings = {
				CLANG_ENABLE_MODULES = YES;
				CODE_SIGN_IDENTITY = "";
				CODE_SIGN_STYLE = Automatic;
				DEFINES_MODULE = YES;
				DEVELOPMENT_TEAM = T6AVSS3QED;
				DYLIB_COMPATIBILITY_VERSION = 1;
				DYLIB_CURRENT_VERSION = 1;
				DYLIB_INSTALL_NAME_BASE = "@rpath";
				INFOPLIST_FILE = SeanKit/Info.plist;
				INSTALL_PATH = "$(LOCAL_LIBRARY_DIR)/Frameworks";
				IPHONEOS_DEPLOYMENT_TARGET = 11.0;
				LD_RUNPATH_SEARCH_PATHS = (
					"$(inherited)",
					"@executable_path/Frameworks",
					"@loader_path/Frameworks",
				);
				PRODUCT_BUNDLE_IDENTIFIER = com.86houses.SeanKit;
				PRODUCT_NAME = "$(TARGET_NAME:c99extidentifier)";
				SKIP_INSTALL = YES;
				SUPPORTS_MACCATALYST = YES;
				SWIFT_VERSION = 5.0;
				TARGETED_DEVICE_FAMILY = "1,2";
			};
			name = Release;
		};
/* End XCBuildConfiguration section */

/* Begin XCConfigurationList section */
		B4439A7B2263CDCA00630663 /* Build configuration list for PBXProject "SeanKit" */ = {
			isa = XCConfigurationList;
			buildConfigurations = (
				B4439A872263CDCA00630663 /* Debug */,
				B4439A882263CDCA00630663 /* Release */,
			);
			defaultConfigurationIsVisible = 0;
			defaultConfigurationName = Release;
		};
		B4439A892263CDCA00630663 /* Build configuration list for PBXNativeTarget "SeanKit" */ = {
			isa = XCConfigurationList;
			buildConfigurations = (
				B4439A8A2263CDCA00630663 /* Debug */,
				B4439A8B2263CDCA00630663 /* Release */,
			);
			defaultConfigurationIsVisible = 0;
			defaultConfigurationName = Release;
		};
/* End XCConfigurationList section */
	};
	rootObject = B4439A782263CDCA00630663 /* Project object */;
}
